
Microsoft Visual Studio Solution File, Format Version 12.00
# Visual Studio Version 17
VisualStudioVersion = 17.5.33414.496
MinimumVisualStudioVersion = 10.0.40219.1
Project("{FAE04EC0-301F-11D3-BF4B-00C04F79EFBC}") = "BrokrService", "BrokrService\BrokrService.csproj", "{F3DF98B9-E774-4F19-A62C-7776CCC5A74C}"
EndProject
Global
	GlobalSection(SolutionConfigurationPlatforms) = preSolution
		Debug|Any CPU = Debug|Any CPU
		Release|Any CPU = Release|Any CPU
	EndGlobalSection
	GlobalSection(ProjectConfigurationPlatforms) = postSolution
		{F3DF98B9-E774-4F19-A62C-7776CCC5A74C}.Debug|Any CPU.ActiveCfg = Debug|Any CPU
		{F3DF98B9-E774-4F19-A62C-7776CCC5A74C}.Debug|Any CPU.Build.0 = Debug|Any CPU
		{F3DF98B9-E774-4F19-A62C-7776CCC5A74C}.Release|Any CPU.ActiveCfg = Release|Any CPU
		{F3DF98B9-E774-4F19-A62C-7776CCC5A74C}.Release|Any CPU.Build.0 = Release|Any CPU
	EndGlobalSection
	GlobalSection(SolutionProperties) = preSolution
		HideSolutionNode = FALSE
	EndGlobalSection
	GlobalSection(ExtensibilityGlobals) = postSolution
		SolutionGuid = {025D1C81-E003-4117-9F36-3E260C97FE5E}
	EndGlobalSection
EndGlobal
